
Microsoft Visual Studio Solution File, Format Version 12.00
# Visual Studio Version 16
VisualStudioVersion = 16.0.29215.179
MinimumVisualStudioVersion = 10.0.40219.1
Project("{FAE04EC0-301F-11D3-BF4B-00C04F79EFBC}") = "OnlineTermWorkSubmission", "OnlineTermWorkSubmission\OnlineTermWorkSubmission.csproj", "{1141ABD2-A195-434D-9A6F-9C1F40225579}"
EndProject
Global
	GlobalSection(SolutionConfigurationPlatforms) = preSolution
		Debug|Any CPU = Debug|Any CPU
		Release|Any CPU = Release|Any CPU
	EndGlobalSection
	GlobalSection(ProjectConfigurationPlatforms) = postSolution
		{1141ABD2-A195-434D-9A6F-9C1F40225579}.Debug|Any CPU.ActiveCfg = Debug|Any CPU
		{1141ABD2-A195-434D-9A6F-9C1F40225579}.Debug|Any CPU.Build.0 = Debug|Any CPU
		{1141ABD2-A195-434D-9A6F-9C1F40225579}.Release|Any CPU.ActiveCfg = Release|Any CPU
		{1141ABD2-A195-434D-9A6F-9C1F40225579}.Release|Any CPU.Build.0 = Release|Any CPU
	EndGlobalSection
	GlobalSection(SolutionProperties) = preSolution
		HideSolutionNode = FALSE
	EndGlobalSection
	GlobalSection(ExtensibilityGlobals) = postSolution
		SolutionGuid = {768DF15E-C0B4-45FE-802A-96F2FAD28AA4}
	EndGlobalSection
EndGlobal
